// !$*UTF8*$!
{
	archiveVersion = 1;
	classes = {
	};
	objectVersion = 56;
	objects = {

/* Begin PBXBuildFile section */
		7586B861294DBE3400941A08 /* AppDelegate.swift in Sources */ = {isa = PBXBuildFile; fileRef = 7586B860294DBE3400941A08 /* AppDelegate.swift */; };
		7586B863294DBE3400941A08 /* SceneDelegate.swift in Sources */ = {isa = PBXBuildFile; fileRef = 7586B862294DBE3400941A08 /* SceneDelegate.swift */; };
		7586B865294DBE3400941A08 /* ViewController.swift in Sources */ = {isa = PBXBuildFile; fileRef = 7586B864294DBE3400941A08 /* ViewController.swift */; };
		7586B868294DBE3400941A08 /* Main.storyboard in Resources */ = {isa = PBXBuildFile; fileRef = 7586B866294DBE3400941A08 /* Main.storyboard */; };
		7586B86A294DBE3500941A08 /* Assets.xcassets in Resources */ = {isa = PBXBuildFile; fileRef = 7586B869294DBE3500941A08 /* Assets.xcassets */; };
		7586B86D294DBE3500941A08 /* LaunchScreen.storyboard in Resources */ = {isa = PBXBuildFile; fileRef = 7586B86B294DBE3500941A08 /* LaunchScreen.storyboard */; };
		7586B875294DC2EB00941A08 /* OpenAIBody.swift in Sources */ = {isa = PBXBuildFile; fileRef = 7586B874294DC2EB00941A08 /* OpenAIBody.swift */; };
		7586B879294DCE9A00941A08 /* TableViewCell.swift in Sources */ = {isa = PBXBuildFile; fileRef = 7586B878294DCE9A00941A08 /* TableViewCell.swift */; };
		7586B87B294DD0CF00941A08 /* OpenAIAnswer.swift in Sources */ = {isa = PBXBuildFile; fileRef = 7586B87A294DD0CF00941A08 /* OpenAIAnswer.swift */; };
/* End PBXBuildFile section */

/* Begin PBXFileReference section */
		7586B85D294DBE3400941A08 /* OpenAIPractice.app */ = {isa = PBXFileReference; explicitFileType = wrapper.application; includeInIndex = 0; path = OpenAIPractice.app; sourceTree = BUILT_PRODUCTS_DIR; };
		7586B860294DBE3400941A08 /* AppDelegate.swift */ = {isa = PBXFileReference; lastKnownFileType = sourcecode.swift; path = AppDelegate.swift; sourceTree = "<group>"; };
		7586B862294DBE3400941A08 /* SceneDelegate.swift */ = {isa = PBXFileReference; lastKnownFileType = sourcecode.swift; path = SceneDelegate.swift; sourceTree = "<group>"; };
		7586B864294DBE3400941A08 /* ViewController.swift */ = {isa = PBXFileReference; lastKnownFileType = sourcecode.swift; path = ViewController.swift; sourceTree = "<group>"; };
		7586B867294DBE3400941A08 /* Base */ = {isa = PBXFileReference; lastKnownFileType = file.storyboard; name = Base; path = Base.lproj/Main.storyboard; sourceTree = "<group>"; };
		7586B869294DBE3500941A08 /* Assets.xcassets */ = {isa = PBXFileReference; lastKnownFileType = folder.assetcatalog; path = Assets.xcassets; sourceTree = "<group>"; };
		7586B86C294DBE3500941A08 /* Base */ = {isa = PBXFileReference; lastKnownFileType = file.storyboard; name = Base; path = Base.lproj/LaunchScreen.storyboard; sourceTree = "<group>"; };
		7586B86E294DBE3500941A08 /* Info.plist */ = {isa = PBXFileReference; lastKnownFileType = text.plist.xml; path = Info.plist; sourceTree = "<group>"; };
		7586B874294DC2EB00941A08 /* OpenAIBody.swift */ = {isa = PBXFileReference; lastKnownFileType = sourcecode.swift; path = OpenAIBody.swift; sourceTree = "<group>"; };
		7586B878294DCE9A00941A08 /* TableViewCell.swift */ = {isa = PBXFileReference; lastKnownFileType = sourcecode.swift; path = TableViewCell.swift; sourceTree = "<group>"; };
		7586B87A294DD0CF00941A08 /* OpenAIAnswer.swift */ = {isa = PBXFileReference; lastKnownFileType = sourcecode.swift; path = OpenAIAnswer.swift; sourceTree = "<group>"; };
/* End PBXFileReference section */

/* Begin PBXFrameworksBuildPhase section */
		7586B85A294DBE3400941A08 /* Frameworks */ = {
			isa = PBXFrameworksBuildPhase;
			buildActionMask = 2147483647;
			files = (
			);
			runOnlyForDeploymentPostprocessing = 0;
		};
/* End PBXFrameworksBuildPhase section */

/* Begin PBXGroup section */
		7586B854294DBE3400941A08 = {
			isa = PBXGroup;
			children = (
				7586B85F294DBE3400941A08 /* OpenAIPractice */,
				7586B85E294DBE3400941A08 /* Products */,
			);
			sourceTree = "<group>";
		};
		7586B85E294DBE3400941A08 /* Products */ = {
			isa = PBXGroup;
			children = (
				7586B85D294DBE3400941A08 /* OpenAIPractice.app */,
			);
			name = Products;
			sourceTree = "<group>";
		};
		7586B85F294DBE3400941A08 /* OpenAIPractice */ = {
			isa = PBXGroup;
			children = (
				7586B860294DBE3400941A08 /* AppDelegate.swift */,
				7586B862294DBE3400941A08 /* SceneDelegate.swift */,
				7586B874294DC2EB00941A08 /* OpenAIBody.swift */,
				7586B87A294DD0CF00941A08 /* OpenAIAnswer.swift */,
				7586B878294DCE9A00941A08 /* TableViewCell.swift */,
				7586B864294DBE3400941A08 /* ViewController.swift */,
				7586B866294DBE3400941A08 /* Main.storyboard */,
				7586B869294DBE3500941A08 /* Assets.xcassets */,
				7586B86B294DBE3500941A08 /* LaunchScreen.storyboard */,
				7586B86E294DBE3500941A08 /* Info.plist */,
			);
			path = OpenAIPractice;
			sourceTree = "<group>";
		};
/* End PBXGroup section */

/* Begin PBXNativeTarget section */
		7586B85C294DBE3400941A08 /* OpenAIPractice */ = {
			isa = PBXNativeTarget;
			buildConfigurationList = 7586B871294DBE3500941A08 /* Build configuration list for PBXNativeTarget "OpenAIPractice" */;
			buildPhases = (
				7586B859294DBE3400941A08 /* Sources */,
				7586B85A294DBE3400941A08 /* Frameworks */,
				7586B85B294DBE3400941A08 /* Resources */,
			);
			buildRules = (
			);
			dependencies = (
			);
			name = OpenAIPractice;
			productName = TDXPractice;
			productReference = 7586B85D294DBE3400941A08 /* OpenAIPractice.app */;
			productType = "com.apple.product-type.application";
		};
/* End PBXNativeTarget section */

/* Begin PBXProject section */
		7586B855294DBE3400941A08 /* Project object */ = {
			isa = PBXProject;
			attributes = {
				BuildIndependentTargetsInParallel = 1;
				LastSwiftUpdateCheck = 1420;
				LastUpgradeCheck = 1420;
				TargetAttributes = {
					7586B85C294DBE3400941A08 = {
						CreatedOnToolsVersion = 14.2;
					};
				};
			};
			buildConfigurationList = 7586B858294DBE3400941A08 /* Build configuration list for PBXProject "OpenAIPractice" */;
			compatibilityVersion = "Xcode 14.0";
			developmentRegion = en;
			hasScannedForEncodings = 0;
			knownRegions = (
				en,
				Base,
			);
			mainGroup = 7586B854294DBE3400941A08;
			productRefGroup = 7586B85E294DBE3400941A08 /* Products */;
			projectDirPath = "";
			projectRoot = "";
			targets = (
				7586B85C294DBE3400941A08 /* OpenAIPractice */,
			);
		};
/* End PBXProject section */

/* Begin PBXResourcesBuildPhase section */
		7586B85B294DBE3400941A08 /* Resources */ = {
			isa = PBXResourcesBuildPhase;
			buildActionMask = 2147483647;
			files = (
				7586B86D294DBE3500941A08 /* LaunchScreen.storyboard in Resources */,
				7586B86A294DBE3500941A08 /* Assets.xcassets in Resources */,
				7586B868294DBE3400941A08 /* Main.storyboard in Resources */,
			);
			runOnlyForDeploymentPostprocessing = 0;
		};
/* End PBXResourcesBuildPhase section */

/* Begin PBXSourcesBuildPhase section */
		7586B859294DBE3400941A08 /* Sources */ = {
			isa = PBXSourcesBuildPhase;
			buildActionMask = 2147483647;
			files = (
				7586B879294DCE9A00941A08 /* TableViewCell.swift in Sources */,
				7586B865294DBE3400941A08 /* ViewController.swift in Sources */,
				7586B875294DC2EB00941A08 /* OpenAIBody.swift in Sources */,
				7586B861294DBE3400941A08 /* AppDelegate.swift in Sources */,
				7586B863294DBE3400941A08 /* SceneDelegate.swift in Sources */,
				7586B87B294DD0CF00941A08 /* OpenAIAnswer.swift in Sources */,
			);
			runOnlyForDeploymentPostprocessing = 0;
		};
/* End PBXSourcesBuildPhase section */

/* Begin PBXVariantGroup section */
		7586B866294DBE3400941A08 /* Main.storyboard */ = {
			isa = PBXVariantGroup;
			children = (
				7586B867294DBE3400941A08 /* Base */,
			);
			name = Main.storyboard;
			sourceTree = "<group>";
		};
		7586B86B294DBE3500941A08 /* LaunchScreen.storyboard */ = {
			isa = PBXVariantGroup;
			children = (
				7586B86C294DBE3500941A08 /* Base */,
			);
			name = LaunchScreen.storyboard;
			sourceTree = "<group>";
		};
/* End PBXVariantGroup section */

/* Begin XCBuildConfiguration section */
		7586B86F294DBE3500941A08 /* Debug */ = {
			isa = XCBuildConfiguration;
			buildSettings = {
				ALWAYS_SEARCH_USER_PATHS = NO;
				CLANG_ANALYZER_NONNULL = YES;
				CLANG_ANALYZER_NUMBER_OBJECT_CONVERSION = YES_AGGRESSIVE;
				CLANG_CXX_LANGUAGE_STANDARD = "gnu++20";
				CLANG_ENABLE_MODULES = YES;
				CLANG_ENABLE_OBJC_ARC = YES;
				CLANG_ENABLE_OBJC_WEAK = YES;
				CLANG_WARN_BLOCK_CAPTURE_AUTORELEASING = YES;
				CLANG_WARN_BOOL_CONVERSION = YES;
				CLANG_WARN_COMMA = YES;
				CLANG_WARN_CONSTANT_CONVERSION = YES;
				CLANG_WARN_DEPRECATED_OBJC_IMPLEMENTATIONS = YES;
				CLANG_WARN_DIRECT_OBJC_ISA_USAGE = YES_ERROR;
				CLANG_WARN_DOCUMENTATION_COMMENTS = YES;
				CLANG_WARN_EMPTY_BODY = YES;
				CLANG_WARN_ENUM_CONVERSION = YES;
				CLANG_WARN_INFINITE_RECURSION = YES;
				CLANG_WARN_INT_CONVERSION = YES;
				CLANG_WARN_NON_LITERAL_NULL_CONVERSION = YES;
				CLANG_WARN_OBJC_IMPLICIT_RETAIN_SELF = YES;
				CLANG_WARN_OBJC_LITERAL_CONVERSION = YES;
				CLANG_WARN_OBJC_ROOT_CLASS = YES_ERROR;
				CLANG_WARN_QUOTED_INCLUDE_IN_FRAMEWORK_HEADER = YES;
				CLANG_WARN_RANGE_LOOP_ANALYSIS = YES;
				CLANG_WARN_STRICT_PROTOTYPES = YES;
				CLANG_WARN_SUSPICIOUS_MOVE = YES;
				CLANG_WARN_UNGUARDED_AVAILABILITY = YES_AGGRESSIVE;
				CLANG_WARN_UNREACHABLE_CODE = YES;
				CLANG_WARN__DUPLICATE_METHOD_MATCH = YES;
				COPY_PHASE_STRIP = NO;
				DEBUG_INFORMATION_FORMAT = dwarf;
				ENABLE_STRICT_OBJC_MSGSEND = YES;
				ENABLE_TESTABILITY = YES;
				GCC_C_LANGUAGE_STANDARD = gnu11;
				GCC_DYNAMIC_NO_PIC = NO;
				GCC_NO_COMMON_BLOCKS = YES;
				GCC_OPTIMIZATION_LEVEL = 0;
				GCC_PREPROCESSOR_DEFINITIONS = (
					"DEBUG=1",
					"$(inherited)",
				);
				GCC_WARN_64_TO_32_BIT_CONVERSION = YES;
				GCC_WARN_ABOUT_RETURN_TYPE = YES_ERROR;
				GCC_WARN_UNDECLARED_SELECTOR = YES;
				GCC_WARN_UNINITIALIZED_AUTOS = YES_AGGRESSIVE;
				GCC_WARN_UNUSED_FUNCTION = YES;
				GCC_WARN_UNUSED_VARIABLE = YES;
				IPHONEOS_DEPLOYMENT_TARGET = 16.2;
				MTL_ENABLE_DEBUG_INFO = INCLUDE_SOURCE;
				MTL_FAST_MATH = YES;
				ONLY_ACTIVE_ARCH = YES;
				SDKROOT = iphoneos;
				SWIFT_ACTIVE_COMPILATION_CONDITIONS = DEBUG;
				SWIFT_OPTIMIZATION_LEVEL = "-Onone";
			};
			name = Debug;
		};
		7586B870294DBE3500941A08 /* Release */ = {
			isa = XCBuildConfiguration;
			buildSettings = {
				ALWAYS_SEARCH_USER_PATHS = NO;
				CLANG_ANALYZER_NONNULL = YES;
				CLANG_ANALYZER_NUMBER_OBJECT_CONVERSION = YES_AGGRESSIVE;
				CLANG_CXX_LANGUAGE_STANDARD = "gnu++20";
				CLANG_ENABLE_MODULES = YES;
				CLANG_ENABLE_OBJC_ARC = YES;
				CLANG_ENABLE_OBJC_WEAK = YES;
				CLANG_WARN_BLOCK_CAPTURE_AUTORELEASING = YES;
				CLANG_WARN_BOOL_CONVERSION = YES;
				CLANG_WARN_COMMA = YES;
				CLANG_WARN_CONSTANT_CONVERSION = YES;
				CLANG_WARN_DEPRECATED_OBJC_IMPLEMENTATIONS = YES;
				CLANG_WARN_DIRECT_OBJC_ISA_USAGE = YES_ERROR;
				CLANG_WARN_DOCUMENTATION_COMMENTS = YES;
				CLANG_WARN_EMPTY_BODY = YES;
				CLANG_WARN_ENUM_CONVERSION = YES;
				CLANG_WARN_INFINITE_RECURSION = YES;
				CLANG_WARN_INT_CONVERSION = YES;
				CLANG_WARN_NON_LITERAL_NULL_CONVERSION = YES;
				CLANG_WARN_OBJC_IMPLICIT_RETAIN_SELF = YES;
				CLANG_WARN_OBJC_LITERAL_CONVERSION = YES;
				CLANG_WARN_OBJC_ROOT_CLASS = YES_ERROR;
				CLANG_WARN_QUOTED_INCLUDE_IN_FRAMEWORK_HEADER = YES;
				CLANG_WARN_RANGE_LOOP_ANALYSIS = YES;
				CLANG_WARN_STRICT_PROTOTYPES = YES;
				CLANG_WARN_SUSPICIOUS_MOVE = YES;
				CLANG_WARN_UNGUARDED_AVAILABILITY = YES_AGGRESSIVE;
				CLANG_WARN_UNREACHABLE_CODE = YES;
				CLANG_WARN__DUPLICATE_METHOD_MATCH = YES;
				COPY_PHASE_STRIP = NO;
				DEBUG_INFORMATION_FORMAT = "dwarf-with-dsym";
				ENABLE_NS_ASSERTIONS = NO;
				ENABLE_STRICT_OBJC_MSGSEND = YES;
				GCC_C_LANGUAGE_STANDARD = gnu11;
				GCC_NO_COMMON_BLOCKS = YES;
				GCC_WARN_64_TO_32_BIT_CONVERSION = YES;
				GCC_WARN_ABOUT_RETURN_TYPE = YES_ERROR;
				GCC_WARN_UNDECLARED_SELECTOR = YES;
				GCC_WARN_UNINITIALIZED_AUTOS = YES_AGGRESSIVE;
				GCC_WARN_UNUSED_FUNCTION = YES;
				GCC_WARN_UNUSED_VARIABLE = YES;
				IPHONEOS_DEPLOYMENT_TARGET = 16.2;
				MTL_ENABLE_DEBUG_INFO = NO;
				MTL_FAST_MATH = YES;
				SDKROOT = iphoneos;
				SWIFT_COMPILATION_MODE = wholemodule;
				SWIFT_OPTIMIZATION_LEVEL = "-O";
				VALIDATE_PRODUCT = YES;
			};
			name = Release;
		};
		7586B872294DBE3500941A08 /* Debug */ = {
			isa = XCBuildConfiguration;
			buildSettings = {
				ASSETCATALOG_COMPILER_APPICON_NAME = AppIcon;
				ASSETCATALOG_COMPILER_GLOBAL_ACCENT_COLOR_NAME = AccentColor;
				CODE_SIGN_STYLE = Automatic;
				CURRENT_PROJECT_VERSION = 1;
				GENERATE_INFOPLIST_FILE = YES;
				INFOPLIST_FILE = OpenAIPractice/Info.plist;
				INFOPLIST_KEY_UIApplicationSupportsIndirectInputEvents = YES;
				INFOPLIST_KEY_UILaunchStoryboardName = LaunchScreen;
				INFOPLIST_KEY_UIMainStoryboardFile = Main;
				INFOPLIST_KEY_UISupportedInterfaceOrientations_iPad = "UIInterfaceOrientationPortrait UIInterfaceOrientationPortraitUpsideDown UIInterfaceOrientationLandscapeLeft UIInterfaceOrientationLandscapeRight";
				INFOPLIST_KEY_UISupportedInterfaceOrientations_iPhone = "UIInterfaceOrientationPortrait UIInterfaceOrientationLandscapeLeft UIInterfaceOrientationLandscapeRight";
				LD_RUNPATH_SEARCH_PATHS = (
					"$(inherited)",
					"@executable_path/Frameworks",
				);
				MARKETING_VERSION = 1.0;
				PRODUCT_BUNDLE_IDENTIFIER = com.pulin.OpenAIPractice;
				PRODUCT_NAME = "$(TARGET_NAME)";
				SWIFT_EMIT_LOC_STRINGS = YES;
				SWIFT_VERSION = 5.0;
				TARGETED_DEVICE_FAMILY = "1,2";
			};
			name = Debug;
		};
		7586B873294DBE3500941A08 /* Release */ = {
			isa = XCBuildConfiguration;
			buildSettings = {
				ASSETCATALOG_COMPILER_APPICON_NAME = AppIcon;
				ASSETCATALOG_COMPILER_GLOBAL_ACCENT_COLOR_NAME = AccentColor;
				CODE_SIGN_STYLE = Automatic;
				CURRENT_PROJECT_VERSION = 1;
				GENERATE_INFOPLIST_FILE = YES;
				INFOPLIST_FILE = OpenAIPractice/Info.plist;
				INFOPLIST_KEY_UIApplicationSupportsIndirectInputEvents = YES;
				INFOPLIST_KEY_UILaunchStoryboardName = LaunchScreen;
				INFOPLIST_KEY_UIMainStoryboardFile = Main;
				INFOPLIST_KEY_UISupportedInterfaceOrientations_iPad = "UIInterfaceOrientationPortrait UIInterfaceOrientationPortraitUpsideDown UIInterfaceOrientationLandscapeLeft UIInterfaceOrientationLandscapeRight";
				INFOPLIST_KEY_UISupportedInterfaceOrientations_iPhone = "UIInterfaceOrientationPortrait UIInterfaceOrientationLandscapeLeft UIInterfaceOrientationLandscapeRight";
				LD_RUNPATH_SEARCH_PATHS = (
					"$(inherited)",
					"@executable_path/Frameworks",
				);
				MARKETING_VERSION = 1.0;
				PRODUCT_BUNDLE_IDENTIFIER = com.pulin.OpenAIPractice;
				PRODUCT_NAME = "$(TARGET_NAME)";
				SWIFT_EMIT_LOC_STRINGS = YES;
				SWIFT_VERSION = 5.0;
				TARGETED_DEVICE_FAMILY = "1,2";
			};
			name = Release;
		};
/* End XCBuildConfiguration section */

/* Begin XCConfigurationList section */
		7586B858294DBE3400941A08 /* Build configuration list for PBXProject "OpenAIPractice" */ = {
			isa = XCConfigurationList;
			buildConfigurations = (
				7586B86F294DBE3500941A08 /* Debug */,
				7586B870294DBE3500941A08 /* Release */,
			);
			defaultConfigurationIsVisible = 0;
			defaultConfigurationName = Release;
		};
		7586B871294DBE3500941A08 /* Build configuration list for PBXNativeTarget "OpenAIPractice" */ = {
			isa = XCConfigurationList;
			buildConfigurations = (
				7586B872294DBE3500941A08 /* Debug */,
				7586B873294DBE3500941A08 /* Release */,
			);
			defaultConfigurationIsVisible = 0;
			defaultConfigurationName = Release;
		};
/* End XCConfigurationList section */
	};
	rootObject = 7586B855294DBE3400941A08 /* Project object */;
}
